
Microsoft Visual Studio Solution File, Format Version 12.00
# Visual Studio Version 17
VisualStudioVersion = 17.10.34916.146
MinimumVisualStudioVersion = 10.0.40219.1
Project("{8BC9CEB8-8B4A-11D0-8D11-00A0C91BC942}") = "2d_Scene", "2d_Scene\2d_Scene.vcxproj", "{839B0EA2-8702-4B6C-AF92-FCE503F08847}"
EndProject
Global
	GlobalSection(SolutionConfigurationPlatforms) = preSolution
		Debug|x64 = Debug|x64
		Debug|x86 = Debug|x86
		Release|x64 = Release|x64
		Release|x86 = Release|x86
	EndGlobalSection
	GlobalSection(ProjectConfigurationPlatforms) = postSolution
		{839B0EA2-8702-4B6C-AF92-FCE503F08847}.Debug|x64.ActiveCfg = Debug|x64
		{839B0EA2-8702-4B6C-AF92-FCE503F08847}.Debug|x64.Build.0 = Debug|x64
		{839B0EA2-8702-4B6C-AF92-FCE503F08847}.Debug|x86.ActiveCfg = Debug|Win32
		{839B0EA2-8702-4B6C-AF92-FCE503F08847}.Debug|x86.Build.0 = Debug|Win32
		{839B0EA2-8702-4B6C-AF92-FCE503F08847}.Release|x64.ActiveCfg = Release|x64
		{839B0EA2-8702-4B6C-AF92-FCE503F08847}.Release|x64.Build.0 = Release|x64
		{839B0EA2-8702-4B6C-AF92-FCE503F08847}.Release|x86.ActiveCfg = Release|Win32
		{839B0EA2-8702-4B6C-AF92-FCE503F08847}.Release|x86.Build.0 = Release|Win32
	EndGlobalSection
	GlobalSection(SolutionProperties) = preSolution
		HideSolutionNode = FALSE
	EndGlobalSection
	GlobalSection(ExtensibilityGlobals) = postSolution
		SolutionGuid = {29C50136-9A6F-4AA0-A071-532EF7BD2BE0}
	EndGlobalSection
EndGlobal
